
Microsoft Visual Studio Solution File, Format Version 12.00
# Visual Studio Version 17
VisualStudioVersion = 17.9.34616.47
MinimumVisualStudioVersion = 10.0.40219.1
Project("{FAE04EC0-301F-11D3-BF4B-00C04F79EFBC}") = "Repaso", "Repaso\Repaso.csproj", "{B0DC888C-4BCB-4946-82AB-CDD96E6EDF7B}"
EndProject
Global
	GlobalSection(SolutionConfigurationPlatforms) = preSolution
		Debug|Any CPU = Debug|Any CPU
		Release|Any CPU = Release|Any CPU
	EndGlobalSection
	GlobalSection(ProjectConfigurationPlatforms) = postSolution
		{B0DC888C-4BCB-4946-82AB-CDD96E6EDF7B}.Debug|Any CPU.ActiveCfg = Debug|Any CPU
		{B0DC888C-4BCB-4946-82AB-CDD96E6EDF7B}.Debug|Any CPU.Build.0 = Debug|Any CPU
		{B0DC888C-4BCB-4946-82AB-CDD96E6EDF7B}.Release|Any CPU.ActiveCfg = Release|Any CPU
		{B0DC888C-4BCB-4946-82AB-CDD96E6EDF7B}.Release|Any CPU.Build.0 = Release|Any CPU
	EndGlobalSection
	GlobalSection(SolutionProperties) = preSolution
		HideSolutionNode = FALSE
	EndGlobalSection
	GlobalSection(ExtensibilityGlobals) = postSolution
		SolutionGuid = {584F1F13-EE95-4739-8A5D-524873F76FBC}
	EndGlobalSection
EndGlobal
